
Microsoft Visual Studio Solution File, Format Version 10.00
# Visual Studio 2008
Project("{8BC9CEB8-8B4A-11D0-8D11-00A0C91BC942}") = "rmk", "rmk.vcproj", "{8C52360D-6A62-4E65-8C47-4F32B8D64DAC}"
EndProject
Global
	GlobalSection(SolutionConfigurationPlatforms) = preSolution
		Debug|Win32 = Debug|Win32
		Release|Win32 = Release|Win32
	EndGlobalSection
	GlobalSection(ProjectConfigurationPlatforms) = postSolution
		{8C52360D-6A62-4E65-8C47-4F32B8D64DAC}.Debug|Win32.ActiveCfg = Debug|Win32
		{8C52360D-6A62-4E65-8C47-4F32B8D64DAC}.Debug|Win32.Build.0 = Debug|Win32
		{8C52360D-6A62-4E65-8C47-4F32B8D64DAC}.Release|Win32.ActiveCfg = Release|Win32
		{8C52360D-6A62-4E65-8C47-4F32B8D64DAC}.Release|Win32.Build.0 = Release|Win32
	EndGlobalSection
	GlobalSection(SolutionProperties) = preSolution
		HideSolutionNode = FALSE
	EndGlobalSection
EndGlobal
